github.com/divinerites/plausible-hugo v1.19.6 h1:Ju9p0zCXUByYYOcwPIiX39a6hMTLIcTK3y9tBegRH5U=
github.com/divinerites/plausible-hugo v1.19.6/go.mod h1:cxr+YB3FUwbLon8KCs4pV4Ankbkq6lJxTQUpNb5KqPo=
github.com/ksu-cs-textbooks/hugo-theme-relearn v0.0.0-20240522155643-73ed160c29e2 h1:o4iqxFk48AxpclY/50n1ChYCu3msOHFsdQk7qxI3bgg=
github.com/ksu-cs-textbooks/hugo-theme-relearn v0.0.0-20240522155643-73ed160c29e2/go.mod h1:h8Ds5Jx7bTVFTouThBJ2f1KYa2GNxIi/RMbHkNcNVJ8=
github.com/ksu-cs-textbooks/hugo-theme-relearn v0.0.0-20240522172139-2f1bc06e0ed2 h1:abPsKxGoV/Yjg1oV84OllmkeoQAGifCmGUYz5Ir22WA=
github.com/ksu-cs-textbooks/hugo-theme-relearn v0.0.0-20240522172139-2f1bc06e0ed2/go.mod h1:h8Ds5Jx7bTVFTouThBJ2f1KYa2GNxIi/RMbHkNcNVJ8=
github.com/ksu-cs-textbooks/hugo-theme-relearn v0.0.0-20240523010606-411036b80f3e h1:W3xHM0Q3b/yFLhwxn9bxanMVzwsvuntxFUPUd2nnjAw=
github.com/ksu-cs-textbooks/hugo-theme-relearn v0.0.0-20240523010606-411036b80f3e/go.mod h1:h8Ds5Jx7bTVFTouThBJ2f1KYa2GNxIi/RMbHkNcNVJ8=
github.com/ksu-cs-textbooks/hugo-theme-relearn v0.0.0-20240523012358-1135d8716bc8 h1:IKWBgzY0hxrVHCIr5GLXev9gflwH785cAJoK/aVS/VA=
github.com/ksu-cs-textbooks/hugo-theme-relearn v0.0.0-20240523012358-1135d8716bc8/go.mod h1:h8Ds5Jx7bTVFTouThBJ2f1KYa2GNxIi/RMbHkNcNVJ8=
github.com/ksu-cs-textbooks/hugo-theme-relearn v0.0.0-20240523013252-dba861b1348e h1:DUOF6re2MPxoWHjkgrdqdl/dg5x6lcv0kTy+HODVy6s=
github.com/ksu-cs-textbooks/hugo-theme-relearn v0.0.0-20240523013252-dba861b1348e/go.mod h1:h8Ds5Jx7bTVFTouThBJ2f1KYa2GNxIi/RMbHkNcNVJ8=
github.com/ksu-cs-textbooks/hugo-theme-relearn v0.0.0-20240523175505-691b8a4cdd62 h1:H2hTwdCKwhp5u9MSgQc9SvWk46GU6T/SnH1aUY/3bpY=
github.com/ksu-cs-textbooks/hugo-theme-relearn v0.0.0-20240523175505-691b8a4cdd62/go.mod h1:h8Ds5Jx7bTVFTouThBJ2f1KYa2GNxIi/RMbHkNcNVJ8=
github.com/ksu-cs-textbooks/hugo-theme-relearn v0.0.0-20240523182653-cffdd1d5fee5 h1:MVTwljZ0FFiJBnZ6KEBoIle68OqEjn7LCd94troTc/g=
github.com/ksu-cs-textbooks/hugo-theme-relearn v0.0.0-20240523182653-cffdd1d5fee5/go.mod h1:h8Ds5Jx7bTVFTouThBJ2f1KYa2GNxIi/RMbHkNcNVJ8=
github.com/ksu-cs-textbooks/hugo-theme-relearn v0.0.0-20240523183011-e77fe0bab855 h1:ZJqsb+56Kn1PWD2c6wiRg3DoUziE216ts0CdEEuxPuE=
github.com/ksu-cs-textbooks/hugo-theme-relearn v0.0.0-20240523183011-e77fe0bab855/go.mod h1:h8Ds5Jx7bTVFTouThBJ2f1KYa2GNxIi/RMbHkNcNVJ8=
github.com/ksu-cs-textbooks/hugo-theme-relearn v0.0.0-20240523183952-f2bbfeb1260c h1:rdCkxL0YGbqzbiQGIOZShv+MY0fUmG4QMszv55PI07c=
github.com/ksu-cs-textbooks/hugo-theme-relearn v0.0.0-20240523183952-f2bbfeb1260c/go.mod h1:h8Ds5Jx7bTVFTouThBJ2f1KYa2GNxIi/RMbHkNcNVJ8=
github.com/ksu-cs-textbooks/hugo-theme-relearn v0.0.0-20240523184301-03fd77387f31 h1:zCX4uu8IyP5YSmpmKVNKUDflYLw8+Gkc+C2heJYRmBQ=
github.com/ksu-cs-textbooks/hugo-theme-relearn v0.0.0-20240523184301-03fd77387f31/go.mod h1:h8Ds5Jx7bTVFTouThBJ2f1KYa2GNxIi/RMbHkNcNVJ8=
github.com/ksu-cs-textbooks/hugo-theme-relearn v0.0.0-20240523193647-e91d5f09eade h1:qT6Unocc+WWdA1GBjBS6i+0S5KW4RIc5Ls2dMkURthc=
github.com/ksu-cs-textbooks/hugo-theme-relearn v0.0.0-20240523193647-e91d5f09eade/go.mod h1:h8Ds5Jx7bTVFTouThBJ2f1KYa2GNxIi/RMbHkNcNVJ8=
github.com/ksu-cs-textbooks/hugo-theme-relearn v0.0.0-20240523193835-9c00e6a99fea h1:cML3zHbBT51txlo0JaYFWNOh/ql1+D1oQ9Pzy1+BgHc=
github.com/ksu-cs-textbooks/hugo-theme-relearn v0.0.0-20240523193835-9c00e6a99fea/go.mod h1:h8Ds5Jx7bTVFTouThBJ2f1KYa2GNxIi/RMbHkNcNVJ8=
github.com/ksu-cs-textbooks/hugo-theme-relearn v0.0.0-20240523202754-736f55229611 h1:6uLio+zCuUndbC/UpmrBCb1Xe2C/GJm2yQ9SCu83Gl0=
github.com/ksu-cs-textbooks/hugo-theme-relearn v0.0.0-20240523202754-736f55229611/go.mod h1:h8Ds5Jx7bTVFTouThBJ2f1KYa2GNxIi/RMbHkNcNVJ8=
github.com/ksu-cs-textbooks/hugo-theme-relearn v0.0.0-20240523204344-223d4f4a995e h1:RPklRzcNJKnIbxl838rLWZpG3peyN+zkNjtq54nfgXE=
github.com/ksu-cs-textbooks/hugo-theme-relearn v0.0.0-20240523204344-223d4f4a995e/go.mod h1:h8Ds5Jx7bTVFTouThBJ2f1KYa2GNxIi/RMbHkNcNVJ8=
github.com/ksu-cs-textbooks/hugo-theme-relearn v0.0.0-20240523204550-29d4d80c0831 h1:1tXGzQ6jKkZsRTTrr6x3C7s9n3JewTmarkNdMJ+vclE=
github.com/ksu-cs-textbooks/hugo-theme-relearn v0.0.0-20240523204550-29d4d80c0831/go.mod h1:h8Ds5Jx7bTVFTouThBJ2f1KYa2GNxIi/RMbHkNcNVJ8=
github.com/ksu-cs-textbooks/hugo-theme-relearn v0.0.0-20240523204853-09ebe711f1c1 h1:Zz9uOUX0P2jVWHHC19iiggUx+VM/O9gz9pSHZdkFGKo=
github.com/ksu-cs-textbooks/hugo-theme-relearn v0.0.0-20240523204853-09ebe711f1c1/go.mod h1:h8Ds5Jx7bTVFTouThBJ2f1KYa2GNxIi/RMbHkNcNVJ8=
github.com/ksu-cs-textbooks/hugo-theme-relearn v0.0.0-20240523205329-21a56e622196 h1:rpu1QdoOXkSZ8MxVDWdYTq3fbuBZ9aUfq17XX27BWjY=
github.com/ksu-cs-textbooks/hugo-theme-relearn v0.0.0-20240523205329-21a56e622196/go.mod h1:h8Ds5Jx7bTVFTouThBJ2f1KYa2GNxIi/RMbHkNcNVJ8=
github.com/ksu-cs-textbooks/hugo-theme-relearn v0.0.0-20240523205504-0e03080ba54b h1:Cy/ymJFMP4N1zDcjbi+eSQv2KY8SsPAuhlkGpDlnpGo=
github.com/ksu-cs-textbooks/hugo-theme-relearn v0.0.0-20240523205504-0e03080ba54b/go.mod h1:h8Ds5Jx7bTVFTouThBJ2f1KYa2GNxIi/RMbHkNcNVJ8=
github.com/ksu-cs-textbooks/hugo-theme-relearn v0.0.0-20240523205733-d09f3e99e613 h1:pjBacNWH/BzTv1OSl7pGA1JjUNt9tF4rqOm/wpO9GhA=
github.com/ksu-cs-textbooks/hugo-theme-relearn v0.0.0-20240523205733-d09f3e99e613/go.mod h1:h8Ds5Jx7bTVFTouThBJ2f1KYa2GNxIi/RMbHkNcNVJ8=
