github.com/divinerites/plausible-hugo v1.19.6 h1:Ju9p0zCXUByYYOcwPIiX39a6hMTLIcTK3y9tBegRH5U=
github.com/divinerites/plausible-hugo v1.19.6/go.mod h1:cxr+YB3FUwbLon8KCs4pV4Ankbkq6lJxTQUpNb5KqPo=
github.com/ksu-cs-textbooks/hugo-theme-relearn v0.0.0-20240522155643-73ed160c29e2 h1:o4iqxFk48AxpclY/50n1ChYCu3msOHFsdQk7qxI3bgg=
github.com/ksu-cs-textbooks/hugo-theme-relearn v0.0.0-20240522155643-73ed160c29e2/go.mod h1:h8Ds5Jx7bTVFTouThBJ2f1KYa2GNxIi/RMbHkNcNVJ8=
github.com/ksu-cs-textbooks/hugo-theme-relearn v0.0.0-20240522172139-2f1bc06e0ed2 h1:abPsKxGoV/Yjg1oV84OllmkeoQAGifCmGUYz5Ir22WA=
github.com/ksu-cs-textbooks/hugo-theme-relearn v0.0.0-20240522172139-2f1bc06e0ed2/go.mod h1:h8Ds5Jx7bTVFTouThBJ2f1KYa2GNxIi/RMbHkNcNVJ8=
github.com/ksu-cs-textbooks/hugo-theme-relearn v0.0.0-20240523010606-411036b80f3e h1:W3xHM0Q3b/yFLhwxn9bxanMVzwsvuntxFUPUd2nnjAw=
github.com/ksu-cs-textbooks/hugo-theme-relearn v0.0.0-20240523010606-411036b80f3e/go.mod h1:h8Ds5Jx7bTVFTouThBJ2f1KYa2GNxIi/RMbHkNcNVJ8=
github.com/ksu-cs-textbooks/hugo-theme-relearn v0.0.0-20240523012358-1135d8716bc8 h1:IKWBgzY0hxrVHCIr5GLXev9gflwH785cAJoK/aVS/VA=
github.com/ksu-cs-textbooks/hugo-theme-relearn v0.0.0-20240523012358-1135d8716bc8/go.mod h1:h8Ds5Jx7bTVFTouThBJ2f1KYa2GNxIi/RMbHkNcNVJ8=
github.com/ksu-cs-textbooks/hugo-theme-relearn v0.0.0-20240523013252-dba861b1348e h1:DUOF6re2MPxoWHjkgrdqdl/dg5x6lcv0kTy+HODVy6s=
github.com/ksu-cs-textbooks/hugo-theme-relearn v0.0.0-20240523013252-dba861b1348e/go.mod h1:h8Ds5Jx7bTVFTouThBJ2f1KYa2GNxIi/RMbHkNcNVJ8=
