github.com/divinerites/plausible-hugo v1.19.6 h1:Ju9p0zCXUByYYOcwPIiX39a6hMTLIcTK3y9tBegRH5U=
github.com/divinerites/plausible-hugo v1.19.6/go.mod h1:cxr+YB3FUwbLon8KCs4pV4Ankbkq6lJxTQUpNb5KqPo=
github.com/ksu-cs-textbooks/hugo-theme-relearn v0.0.0-20240522155643-73ed160c29e2 h1:o4iqxFk48AxpclY/50n1ChYCu3msOHFsdQk7qxI3bgg=
github.com/ksu-cs-textbooks/hugo-theme-relearn v0.0.0-20240522155643-73ed160c29e2/go.mod h1:h8Ds5Jx7bTVFTouThBJ2f1KYa2GNxIi/RMbHkNcNVJ8=
github.com/ksu-cs-textbooks/hugo-theme-relearn v0.0.0-20240522172139-2f1bc06e0ed2 h1:abPsKxGoV/Yjg1oV84OllmkeoQAGifCmGUYz5Ir22WA=
github.com/ksu-cs-textbooks/hugo-theme-relearn v0.0.0-20240522172139-2f1bc06e0ed2/go.mod h1:h8Ds5Jx7bTVFTouThBJ2f1KYa2GNxIi/RMbHkNcNVJ8=
